
Microsoft Visual Studio Solution File, Format Version 12.00
# Visual Studio Version 17
VisualStudioVersion = 17.9.34723.18
MinimumVisualStudioVersion = 10.0.40219.1
Project("{FAE04EC0-301F-11D3-BF4B-00C04F79EFBC}") = "PRG261 Project 2", "PRG261 Project 2.csproj", "{333993AD-2432-4DBB-A079-F3EF0668495A}"
EndProject
Global
	GlobalSection(SolutionConfigurationPlatforms) = preSolution
		Debug|Any CPU = Debug|Any CPU
		Release|Any CPU = Release|Any CPU
	EndGlobalSection
	GlobalSection(ProjectConfigurationPlatforms) = postSolution
		{333993AD-2432-4DBB-A079-F3EF0668495A}.Debug|Any CPU.ActiveCfg = Debug|Any CPU
		{333993AD-2432-4DBB-A079-F3EF0668495A}.Debug|Any CPU.Build.0 = Debug|Any CPU
		{333993AD-2432-4DBB-A079-F3EF0668495A}.Release|Any CPU.ActiveCfg = Release|Any CPU
		{333993AD-2432-4DBB-A079-F3EF0668495A}.Release|Any CPU.Build.0 = Release|Any CPU
	EndGlobalSection
	GlobalSection(SolutionProperties) = preSolution
		HideSolutionNode = FALSE
	EndGlobalSection
	GlobalSection(ExtensibilityGlobals) = postSolution
		SolutionGuid = {403FB766-E5E3-4C8B-ADC7-80B8827420B1}
	EndGlobalSection
EndGlobal
